
Microsoft Visual Studio Solution File, Format Version 12.00
# Visual Studio 15
VisualStudioVersion = 15.0.27130.2027
MinimumVisualStudioVersion = 10.0.40219.1
Project("{FAE04EC0-301F-11D3-BF4B-00C04F79EFBC}") = "ME_2_M_Fitness_Site", "ME_2_M_Fitness_Site\ME_2_M_Fitness_Site.csproj", "{B5984999-E3A3-475D-A6E0-F1B70C6B1D4A}"
EndProject
Global
	GlobalSection(SolutionConfigurationPlatforms) = preSolution
		Debug|Any CPU = Debug|Any CPU
		Release|Any CPU = Release|Any CPU
	EndGlobalSection
	GlobalSection(ProjectConfigurationPlatforms) = postSolution
		{B5984999-E3A3-475D-A6E0-F1B70C6B1D4A}.Debug|Any CPU.ActiveCfg = Debug|Any CPU
		{B5984999-E3A3-475D-A6E0-F1B70C6B1D4A}.Debug|Any CPU.Build.0 = Debug|Any CPU
		{B5984999-E3A3-475D-A6E0-F1B70C6B1D4A}.Release|Any CPU.ActiveCfg = Release|Any CPU
		{B5984999-E3A3-475D-A6E0-F1B70C6B1D4A}.Release|Any CPU.Build.0 = Release|Any CPU
	EndGlobalSection
	GlobalSection(SolutionProperties) = preSolution
		HideSolutionNode = FALSE
	EndGlobalSection
	GlobalSection(ExtensibilityGlobals) = postSolution
		SolutionGuid = {FC803CE6-AF13-4FC3-A7E5-41A5BDE20D64}
	EndGlobalSection
EndGlobal
